
Microsoft Visual Studio Solution File, Format Version 12.00
# Visual Studio Version 16
VisualStudioVersion = 16.0.31410.357
MinimumVisualStudioVersion = 10.0.40219.1
Project("{FAE04EC0-301F-11D3-BF4B-00C04F79EFBC}") = "VistasDeaWs", "VistasDeaWs.csproj", "{602210CF-FBB9-4117-B35C-2B0CBABFD223}"
EndProject
Global
	GlobalSection(SolutionConfigurationPlatforms) = preSolution
		Debug|Any CPU = Debug|Any CPU
		Release|Any CPU = Release|Any CPU
	EndGlobalSection
	GlobalSection(ProjectConfigurationPlatforms) = postSolution
		{602210CF-FBB9-4117-B35C-2B0CBABFD223}.Debug|Any CPU.ActiveCfg = Debug|Any CPU
		{602210CF-FBB9-4117-B35C-2B0CBABFD223}.Debug|Any CPU.Build.0 = Debug|Any CPU
		{602210CF-FBB9-4117-B35C-2B0CBABFD223}.Release|Any CPU.ActiveCfg = Release|Any CPU
		{602210CF-FBB9-4117-B35C-2B0CBABFD223}.Release|Any CPU.Build.0 = Release|Any CPU
	EndGlobalSection
	GlobalSection(SolutionProperties) = preSolution
		HideSolutionNode = FALSE
	EndGlobalSection
	GlobalSection(ExtensibilityGlobals) = postSolution
		SolutionGuid = {08F4188B-77A7-48EC-80F3-E08F3DF2BB34}
	EndGlobalSection
EndGlobal
